// !$*UTF8*$!
{
	archiveVersion = 1;
	classes = {
	};
	objectVersion = 55;
	objects = {

/* Begin PBXBuildFile section */
		2924CB10281B90A700626FC2 /* Stock.cpp in Sources */ = {isa = PBXBuildFile; fileRef = 2924CB0E281B90A700626FC2 /* Stock.cpp */; };
		2924CB13281B90B000626FC2 /* Trade.cpp in Sources */ = {isa = PBXBuildFile; fileRef = 2924CB11281B90B000626FC2 /* Trade.cpp */; };
		7A8AADBF2814746B003DAF38 /* main.cpp in Sources */ = {isa = PBXBuildFile; fileRef = 7A8AADBE2814746B003DAF38 /* main.cpp */; };
		7A8AADCD2814764C003DAF38 /* Utils.cpp in Sources */ = {isa = PBXBuildFile; fileRef = 7A8AADCB2814764C003DAF38 /* Utils.cpp */; };
		7A8AADD2281479BF003DAF38 /* Parser.cpp in Sources */ = {isa = PBXBuildFile; fileRef = 7A8AADD0281479BF003DAF38 /* Parser.cpp */; };
/* End PBXBuildFile section */

/* Begin PBXCopyFilesBuildPhase section */
		7A8AADB92814746B003DAF38 /* CopyFiles */ = {
			isa = PBXCopyFilesBuildPhase;
			buildActionMask = 2147483647;
			dstPath = /usr/share/man/man1/;
			dstSubfolderSpec = 0;
			files = (
			);
			runOnlyForDeploymentPostprocessing = 1;
		};
/* End PBXCopyFilesBuildPhase section */

/* Begin PBXFileReference section */
		2924CB0E281B90A700626FC2 /* Stock.cpp */ = {isa = PBXFileReference; lastKnownFileType = sourcecode.cpp.cpp; path = Stock.cpp; sourceTree = "<group>"; };
		2924CB0F281B90A700626FC2 /* Stock.hpp */ = {isa = PBXFileReference; lastKnownFileType = sourcecode.cpp.h; path = Stock.hpp; sourceTree = "<group>"; };
		2924CB11281B90B000626FC2 /* Trade.cpp */ = {isa = PBXFileReference; lastKnownFileType = sourcecode.cpp.cpp; path = Trade.cpp; sourceTree = "<group>"; };
		2924CB12281B90B000626FC2 /* Trade.hpp */ = {isa = PBXFileReference; lastKnownFileType = sourcecode.cpp.h; path = Trade.hpp; sourceTree = "<group>"; };
		2924CB14281B956A00626FC2 /* Russell3000EarningsAnnouncements.csv */ = {isa = PBXFileReference; lastKnownFileType = text; name = Russell3000EarningsAnnouncements.csv; path = "DerivedData/6883 final/Build/Products/Debug/Russell3000EarningsAnnouncements.csv"; sourceTree = "<group>"; };
		2924CB15281B956A00626FC2 /* config_mac.csv */ = {isa = PBXFileReference; lastKnownFileType = text; name = config_mac.csv; path = "DerivedData/6883 final/Build/Products/Debug/config_mac.csv"; sourceTree = "<group>"; };
		2924CB16281B956A00626FC2 /* Russell_3000_component_stocks.csv */ = {isa = PBXFileReference; lastKnownFileType = text; name = Russell_3000_component_stocks.csv; path = "DerivedData/6883 final/Build/Products/Debug/Russell_3000_component_stocks.csv"; sourceTree = "<group>"; };
		7A8AADBB2814746B003DAF38 /* 6883 final */ = {isa = PBXFileReference; explicitFileType = "compiled.mach-o.executable"; includeInIndex = 0; path = "6883 final"; sourceTree = BUILT_PRODUCTS_DIR; };
		7A8AADBE2814746B003DAF38 /* main.cpp */ = {isa = PBXFileReference; lastKnownFileType = sourcecode.cpp.cpp; path = main.cpp; sourceTree = "<group>"; };
		7A8AADCB2814764C003DAF38 /* Utils.cpp */ = {isa = PBXFileReference; lastKnownFileType = sourcecode.cpp.cpp; path = Utils.cpp; sourceTree = "<group>"; };
		7A8AADCC2814764C003DAF38 /* Utils.hpp */ = {isa = PBXFileReference; lastKnownFileType = sourcecode.cpp.h; path = Utils.hpp; sourceTree = "<group>"; };
		7A8AADD0281479BF003DAF38 /* Parser.cpp */ = {isa = PBXFileReference; lastKnownFileType = sourcecode.cpp.cpp; path = Parser.cpp; sourceTree = "<group>"; };
		7A8AADD1281479BF003DAF38 /* Parser.hpp */ = {isa = PBXFileReference; lastKnownFileType = sourcecode.cpp.h; path = Parser.hpp; sourceTree = "<group>"; };
/* End PBXFileReference section */

/* Begin PBXFrameworksBuildPhase section */
		7A8AADB82814746B003DAF38 /* Frameworks */ = {
			isa = PBXFrameworksBuildPhase;
			buildActionMask = 2147483647;
			files = (
			);
			runOnlyForDeploymentPostprocessing = 0;
		};
/* End PBXFrameworksBuildPhase section */

/* Begin PBXGroup section */
		7A8AADB22814746B003DAF38 = {
			isa = PBXGroup;
			children = (
				7A8AADBD2814746B003DAF38 /* 6883 final */,
				2924CB15281B956A00626FC2 /* config_mac.csv */,
				2924CB16281B956A00626FC2 /* Russell_3000_component_stocks.csv */,
				2924CB14281B956A00626FC2 /* Russell3000EarningsAnnouncements.csv */,
				7A8AADBC2814746B003DAF38 /* Products */,
			);
			sourceTree = "<group>";
		};
		7A8AADBC2814746B003DAF38 /* Products */ = {
			isa = PBXGroup;
			children = (
				7A8AADBB2814746B003DAF38 /* 6883 final */,
			);
			name = Products;
			sourceTree = "<group>";
		};
		7A8AADBD2814746B003DAF38 /* 6883 final */ = {
			isa = PBXGroup;
			children = (
				7A8AADCF281478C0003DAF38 /* Models */,
				7A8AADCE281478B3003DAF38 /* Utils */,
				7A8AADBE2814746B003DAF38 /* main.cpp */,
			);
			path = "6883 final";
			sourceTree = "<group>";
		};
		7A8AADCE281478B3003DAF38 /* Utils */ = {
			isa = PBXGroup;
			children = (
				7A8AADD0281479BF003DAF38 /* Parser.cpp */,
				7A8AADD1281479BF003DAF38 /* Parser.hpp */,
				7A8AADCB2814764C003DAF38 /* Utils.cpp */,
				7A8AADCC2814764C003DAF38 /* Utils.hpp */,
			);
			path = Utils;
			sourceTree = "<group>";
		};
		7A8AADCF281478C0003DAF38 /* Models */ = {
			isa = PBXGroup;
			children = (
				2924CB0E281B90A700626FC2 /* Stock.cpp */,
				2924CB0F281B90A700626FC2 /* Stock.hpp */,
				2924CB11281B90B000626FC2 /* Trade.cpp */,
				2924CB12281B90B000626FC2 /* Trade.hpp */,
			);
			path = Models;
			sourceTree = "<group>";
		};
/* End PBXGroup section */

/* Begin PBXNativeTarget section */
		7A8AADBA2814746B003DAF38 /* 6883 final */ = {
			isa = PBXNativeTarget;
			buildConfigurationList = 7A8AADC22814746B003DAF38 /* Build configuration list for PBXNativeTarget "6883 final" */;
			buildPhases = (
				7A8AADB72814746B003DAF38 /* Sources */,
				7A8AADB82814746B003DAF38 /* Frameworks */,
				7A8AADB92814746B003DAF38 /* CopyFiles */,
			);
			buildRules = (
			);
			dependencies = (
			);
			name = "6883 final";
			productName = "6883 final";
			productReference = 7A8AADBB2814746B003DAF38 /* 6883 final */;
			productType = "com.apple.product-type.tool";
		};
/* End PBXNativeTarget section */

/* Begin PBXProject section */
		7A8AADB32814746B003DAF38 /* Project object */ = {
			isa = PBXProject;
			attributes = {
				BuildIndependentTargetsInParallel = 1;
				LastUpgradeCheck = 1330;
				TargetAttributes = {
					7A8AADBA2814746B003DAF38 = {
						CreatedOnToolsVersion = 13.3.1;
					};
				};
			};
			buildConfigurationList = 7A8AADB62814746B003DAF38 /* Build configuration list for PBXProject "6883 final" */;
			compatibilityVersion = "Xcode 13.0";
			developmentRegion = en;
			hasScannedForEncodings = 0;
			knownRegions = (
				en,
				Base,
			);
			mainGroup = 7A8AADB22814746B003DAF38;
			productRefGroup = 7A8AADBC2814746B003DAF38 /* Products */;
			projectDirPath = "";
			projectRoot = "";
			targets = (
				7A8AADBA2814746B003DAF38 /* 6883 final */,
			);
		};
/* End PBXProject section */

/* Begin PBXSourcesBuildPhase section */
		7A8AADB72814746B003DAF38 /* Sources */ = {
			isa = PBXSourcesBuildPhase;
			buildActionMask = 2147483647;
			files = (
				7A8AADBF2814746B003DAF38 /* main.cpp in Sources */,
				7A8AADD2281479BF003DAF38 /* Parser.cpp in Sources */,
				2924CB10281B90A700626FC2 /* Stock.cpp in Sources */,
				7A8AADCD2814764C003DAF38 /* Utils.cpp in Sources */,
				2924CB13281B90B000626FC2 /* Trade.cpp in Sources */,
			);
			runOnlyForDeploymentPostprocessing = 0;
		};
/* End PBXSourcesBuildPhase section */

/* Begin XCBuildConfiguration section */
		7A8AADC02814746B003DAF38 /* Debug */ = {
			isa = XCBuildConfiguration;
			buildSettings = {
				ALWAYS_SEARCH_USER_PATHS = NO;
				CLANG_ANALYZER_NONNULL = YES;
				CLANG_ANALYZER_NUMBER_OBJECT_CONVERSION = YES_AGGRESSIVE;
				CLANG_CXX_LANGUAGE_STANDARD = "gnu++17";
				CLANG_ENABLE_MODULES = YES;
				CLANG_ENABLE_OBJC_ARC = YES;
				CLANG_ENABLE_OBJC_WEAK = YES;
				CLANG_WARN_BLOCK_CAPTURE_AUTORELEASING = YES;
				CLANG_WARN_BOOL_CONVERSION = YES;
				CLANG_WARN_COMMA = YES;
				CLANG_WARN_CONSTANT_CONVERSION = YES;
				CLANG_WARN_DEPRECATED_OBJC_IMPLEMENTATIONS = YES;
				CLANG_WARN_DIRECT_OBJC_ISA_USAGE = YES_ERROR;
				CLANG_WARN_DOCUMENTATION_COMMENTS = YES;
				CLANG_WARN_EMPTY_BODY = YES;
				CLANG_WARN_ENUM_CONVERSION = YES;
				CLANG_WARN_INFINITE_RECURSION = YES;
				CLANG_WARN_INT_CONVERSION = YES;
				CLANG_WARN_NON_LITERAL_NULL_CONVERSION = YES;
				CLANG_WARN_OBJC_IMPLICIT_RETAIN_SELF = YES;
				CLANG_WARN_OBJC_LITERAL_CONVERSION = YES;
				CLANG_WARN_OBJC_ROOT_CLASS = YES_ERROR;
				CLANG_WARN_QUOTED_INCLUDE_IN_FRAMEWORK_HEADER = YES;
				CLANG_WARN_RANGE_LOOP_ANALYSIS = YES;
				CLANG_WARN_STRICT_PROTOTYPES = YES;
				CLANG_WARN_SUSPICIOUS_MOVE = YES;
				CLANG_WARN_UNGUARDED_AVAILABILITY = YES_AGGRESSIVE;
				CLANG_WARN_UNREACHABLE_CODE = YES;
				CLANG_WARN__DUPLICATE_METHOD_MATCH = YES;
				COPY_PHASE_STRIP = NO;
				DEBUG_INFORMATION_FORMAT = dwarf;
				ENABLE_STRICT_OBJC_MSGSEND = YES;
				ENABLE_TESTABILITY = YES;
				GCC_C_LANGUAGE_STANDARD = gnu11;
				GCC_DYNAMIC_NO_PIC = NO;
				GCC_NO_COMMON_BLOCKS = YES;
				GCC_OPTIMIZATION_LEVEL = 0;
				GCC_PREPROCESSOR_DEFINITIONS = (
					"DEBUG=1",
					"$(inherited)",
				);
				GCC_WARN_64_TO_32_BIT_CONVERSION = YES;
				GCC_WARN_ABOUT_RETURN_TYPE = YES_ERROR;
				GCC_WARN_UNDECLARED_SELECTOR = YES;
				GCC_WARN_UNINITIALIZED_AUTOS = YES_AGGRESSIVE;
				GCC_WARN_UNUSED_FUNCTION = YES;
				GCC_WARN_UNUSED_VARIABLE = YES;
				MACOSX_DEPLOYMENT_TARGET = 12.3;
				MTL_ENABLE_DEBUG_INFO = INCLUDE_SOURCE;
				MTL_FAST_MATH = YES;
				ONLY_ACTIVE_ARCH = YES;
				SDKROOT = macosx;
			};
			name = Debug;
		};
		7A8AADC12814746B003DAF38 /* Release */ = {
			isa = XCBuildConfiguration;
			buildSettings = {
				ALWAYS_SEARCH_USER_PATHS = NO;
				CLANG_ANALYZER_NONNULL = YES;
				CLANG_ANALYZER_NUMBER_OBJECT_CONVERSION = YES_AGGRESSIVE;
				CLANG_CXX_LANGUAGE_STANDARD = "gnu++17";
				CLANG_ENABLE_MODULES = YES;
				CLANG_ENABLE_OBJC_ARC = YES;
				CLANG_ENABLE_OBJC_WEAK = YES;
				CLANG_WARN_BLOCK_CAPTURE_AUTORELEASING = YES;
				CLANG_WARN_BOOL_CONVERSION = YES;
				CLANG_WARN_COMMA = YES;
				CLANG_WARN_CONSTANT_CONVERSION = YES;
				CLANG_WARN_DEPRECATED_OBJC_IMPLEMENTATIONS = YES;
				CLANG_WARN_DIRECT_OBJC_ISA_USAGE = YES_ERROR;
				CLANG_WARN_DOCUMENTATION_COMMENTS = YES;
				CLANG_WARN_EMPTY_BODY = YES;
				CLANG_WARN_ENUM_CONVERSION = YES;
				CLANG_WARN_INFINITE_RECURSION = YES;
				CLANG_WARN_INT_CONVERSION = YES;
				CLANG_WARN_NON_LITERAL_NULL_CONVERSION = YES;
				CLANG_WARN_OBJC_IMPLICIT_RETAIN_SELF = YES;
				CLANG_WARN_OBJC_LITERAL_CONVERSION = YES;
				CLANG_WARN_OBJC_ROOT_CLASS = YES_ERROR;
				CLANG_WARN_QUOTED_INCLUDE_IN_FRAMEWORK_HEADER = YES;
				CLANG_WARN_RANGE_LOOP_ANALYSIS = YES;
				CLANG_WARN_STRICT_PROTOTYPES = YES;
				CLANG_WARN_SUSPICIOUS_MOVE = YES;
				CLANG_WARN_UNGUARDED_AVAILABILITY = YES_AGGRESSIVE;
				CLANG_WARN_UNREACHABLE_CODE = YES;
				CLANG_WARN__DUPLICATE_METHOD_MATCH = YES;
				COPY_PHASE_STRIP = NO;
				DEBUG_INFORMATION_FORMAT = "dwarf-with-dsym";
				ENABLE_NS_ASSERTIONS = NO;
				ENABLE_STRICT_OBJC_MSGSEND = YES;
				GCC_C_LANGUAGE_STANDARD = gnu11;
				GCC_NO_COMMON_BLOCKS = YES;
				GCC_WARN_64_TO_32_BIT_CONVERSION = YES;
				GCC_WARN_ABOUT_RETURN_TYPE = YES_ERROR;
				GCC_WARN_UNDECLARED_SELECTOR = YES;
				GCC_WARN_UNINITIALIZED_AUTOS = YES_AGGRESSIVE;
				GCC_WARN_UNUSED_FUNCTION = YES;
				GCC_WARN_UNUSED_VARIABLE = YES;
				MACOSX_DEPLOYMENT_TARGET = 12.3;
				MTL_ENABLE_DEBUG_INFO = NO;
				MTL_FAST_MATH = YES;
				SDKROOT = macosx;
			};
			name = Release;
		};
		7A8AADC32814746B003DAF38 /* Debug */ = {
			isa = XCBuildConfiguration;
			buildSettings = {
				CODE_SIGN_STYLE = Automatic;
				"OTHER_LDFLAGS[arch=*]" = "-lcurl";
				PRODUCT_NAME = "$(TARGET_NAME)";
			};
			name = Debug;
		};
		7A8AADC42814746B003DAF38 /* Release */ = {
			isa = XCBuildConfiguration;
			buildSettings = {
				CODE_SIGN_STYLE = Automatic;
				"OTHER_LDFLAGS[arch=*]" = "-lcurl";
				PRODUCT_NAME = "$(TARGET_NAME)";
			};
			name = Release;
		};
/* End XCBuildConfiguration section */

/* Begin XCConfigurationList section */
		7A8AADB62814746B003DAF38 /* Build configuration list for PBXProject "6883 final" */ = {
			isa = XCConfigurationList;
			buildConfigurations = (
				7A8AADC02814746B003DAF38 /* Debug */,
				7A8AADC12814746B003DAF38 /* Release */,
			);
			defaultConfigurationIsVisible = 0;
			defaultConfigurationName = Release;
		};
		7A8AADC22814746B003DAF38 /* Build configuration list for PBXNativeTarget "6883 final" */ = {
			isa = XCConfigurationList;
			buildConfigurations = (
				7A8AADC32814746B003DAF38 /* Debug */,
				7A8AADC42814746B003DAF38 /* Release */,
			);
			defaultConfigurationIsVisible = 0;
			defaultConfigurationName = Release;
		};
/* End XCConfigurationList section */
	};
	rootObject = 7A8AADB32814746B003DAF38 /* Project object */;
}
